
Microsoft Visual Studio Solution File, Format Version 12.00
# Visual Studio Version 16
VisualStudioVersion = 16.0.30523.141
MinimumVisualStudioVersion = 10.0.40219.1
Project("{FAE04EC0-301F-11D3-BF4B-00C04F79EFBC}") = "Projectml.net", "Projectml.net\Projectml.net.csproj", "{D95AF156-BE55-46EF-B674-2240E434A6F7}"
EndProject
Global
	GlobalSection(SolutionConfigurationPlatforms) = preSolution
		Debug|Any CPU = Debug|Any CPU
		Release|Any CPU = Release|Any CPU
	EndGlobalSection
	GlobalSection(ProjectConfigurationPlatforms) = postSolution
		{D95AF156-BE55-46EF-B674-2240E434A6F7}.Debug|Any CPU.ActiveCfg = Debug|Any CPU
		{D95AF156-BE55-46EF-B674-2240E434A6F7}.Debug|Any CPU.Build.0 = Debug|Any CPU
		{D95AF156-BE55-46EF-B674-2240E434A6F7}.Release|Any CPU.ActiveCfg = Release|Any CPU
		{D95AF156-BE55-46EF-B674-2240E434A6F7}.Release|Any CPU.Build.0 = Release|Any CPU
	EndGlobalSection
	GlobalSection(SolutionProperties) = preSolution
		HideSolutionNode = FALSE
	EndGlobalSection
	GlobalSection(ExtensibilityGlobals) = postSolution
		SolutionGuid = {5936DAB2-1623-4F49-88C7-45BC5508974A}
	EndGlobalSection
EndGlobal
